
Microsoft Visual Studio Solution File, Format Version 12.00
# Visual Studio Version 17
VisualStudioVersion = 17.14.36623.8
MinimumVisualStudioVersion = 10.0.40219.1
Project("{FAE04EC0-301F-11D3-BF4B-00C04F79EFBC}") = "DocuSense.API", "DocuSense.API.csproj", "{DBC4A915-7600-AFB0-EE15-891F751E4C50}"
EndProject
Project("{FAE04EC0-301F-11D3-BF4B-00C04F79EFBC}") = "DocuSense.Application", "..\DocuSense.Application\DocuSense.Application.csproj", "{EBC1B2D9-3A72-0A58-411A-DF3B4AD294DB}"
EndProject
Project("{FAE04EC0-301F-11D3-BF4B-00C04F79EFBC}") = "DocuSense.Domain", "..\DocuSense.Domain\DocuSense.Domain.csproj", "{EADDBE0B-B184-C139-F6B9-C007C0E3EDAE}"
EndProject
Project("{FAE04EC0-301F-11D3-BF4B-00C04F79EFBC}") = "DocuSense.Infrastructure", "..\DocuSense.Infrastructure\DocuSense.Infrastructure.csproj", "{1781872B-D59A-FDAF-99B0-515A3A84D4A8}"
EndProject
Project("{FAE04EC0-301F-11D3-BF4B-00C04F79EFBC}") = "DocuSense.Persistence", "..\DocuSense.Persistence\DocuSense.Persistence.csproj", "{4925B54E-FF18-C790-B84A-64FD530E0598}"
EndProject
Project("{FAE04EC0-301F-11D3-BF4B-00C04F79EFBC}") = "DocuSense.Tests", "..\DocuSense.Tests\DocuSense.Tests.csproj", "{3E69006E-DC24-93B2-8660-684C0E07834F}"
EndProject
Global
	GlobalSection(SolutionConfigurationPlatforms) = preSolution
		Debug|Any CPU = Debug|Any CPU
		Release|Any CPU = Release|Any CPU
	EndGlobalSection
	GlobalSection(ProjectConfigurationPlatforms) = postSolution
		{DBC4A915-7600-AFB0-EE15-891F751E4C50}.Debug|Any CPU.ActiveCfg = Debug|Any CPU
		{DBC4A915-7600-AFB0-EE15-891F751E4C50}.Debug|Any CPU.Build.0 = Debug|Any CPU
		{DBC4A915-7600-AFB0-EE15-891F751E4C50}.Release|Any CPU.ActiveCfg = Release|Any CPU
		{DBC4A915-7600-AFB0-EE15-891F751E4C50}.Release|Any CPU.Build.0 = Release|Any CPU
		{EBC1B2D9-3A72-0A58-411A-DF3B4AD294DB}.Debug|Any CPU.ActiveCfg = Debug|Any CPU
		{EBC1B2D9-3A72-0A58-411A-DF3B4AD294DB}.Debug|Any CPU.Build.0 = Debug|Any CPU
		{EBC1B2D9-3A72-0A58-411A-DF3B4AD294DB}.Release|Any CPU.ActiveCfg = Release|Any CPU
		{EBC1B2D9-3A72-0A58-411A-DF3B4AD294DB}.Release|Any CPU.Build.0 = Release|Any CPU
		{EADDBE0B-B184-C139-F6B9-C007C0E3EDAE}.Debug|Any CPU.ActiveCfg = Debug|Any CPU
		{EADDBE0B-B184-C139-F6B9-C007C0E3EDAE}.Debug|Any CPU.Build.0 = Debug|Any CPU
		{EADDBE0B-B184-C139-F6B9-C007C0E3EDAE}.Release|Any CPU.ActiveCfg = Release|Any CPU
		{EADDBE0B-B184-C139-F6B9-C007C0E3EDAE}.Release|Any CPU.Build.0 = Release|Any CPU
		{1781872B-D59A-FDAF-99B0-515A3A84D4A8}.Debug|Any CPU.ActiveCfg = Debug|Any CPU
		{1781872B-D59A-FDAF-99B0-515A3A84D4A8}.Debug|Any CPU.Build.0 = Debug|Any CPU
		{1781872B-D59A-FDAF-99B0-515A3A84D4A8}.Release|Any CPU.ActiveCfg = Release|Any CPU
		{1781872B-D59A-FDAF-99B0-515A3A84D4A8}.Release|Any CPU.Build.0 = Release|Any CPU
		{4925B54E-FF18-C790-B84A-64FD530E0598}.Debug|Any CPU.ActiveCfg = Debug|Any CPU
		{4925B54E-FF18-C790-B84A-64FD530E0598}.Debug|Any CPU.Build.0 = Debug|Any CPU
		{4925B54E-FF18-C790-B84A-64FD530E0598}.Release|Any CPU.ActiveCfg = Release|Any CPU
		{4925B54E-FF18-C790-B84A-64FD530E0598}.Release|Any CPU.Build.0 = Release|Any CPU
		{3E69006E-DC24-93B2-8660-684C0E07834F}.Debug|Any CPU.ActiveCfg = Debug|Any CPU
		{3E69006E-DC24-93B2-8660-684C0E07834F}.Debug|Any CPU.Build.0 = Debug|Any CPU
		{3E69006E-DC24-93B2-8660-684C0E07834F}.Release|Any CPU.ActiveCfg = Release|Any CPU
		{3E69006E-DC24-93B2-8660-684C0E07834F}.Release|Any CPU.Build.0 = Release|Any CPU
	EndGlobalSection
	GlobalSection(SolutionProperties) = preSolution
		HideSolutionNode = FALSE
	EndGlobalSection
	GlobalSection(ExtensibilityGlobals) = postSolution
		SolutionGuid = {C5555AE3-9C9F-4DFC-A2FD-564D6A37F93C}
	EndGlobalSection
EndGlobal
